// !$*UTF8*$!
{
	archiveVersion = 1;
	classes = {
	};
	objectVersion = 55;
	objects = {

/* Begin PBXBuildFile section */
		444AAAAF27A536CE00EEF1D9 /* AppDelegate.swift in Sources */ = {isa = PBXBuildFile; fileRef = 444AAAAE27A536CE00EEF1D9 /* AppDelegate.swift */; };
		444AAAB127A536CE00EEF1D9 /* SceneDelegate.swift in Sources */ = {isa = PBXBuildFile; fileRef = 444AAAB027A536CE00EEF1D9 /* SceneDelegate.swift */; };
		444AAAB327A536CE00EEF1D9 /* ViewController.swift in Sources */ = {isa = PBXBuildFile; fileRef = 444AAAB227A536CE00EEF1D9 /* ViewController.swift */; };
		444AAAB827A536D000EEF1D9 /* Assets.xcassets in Resources */ = {isa = PBXBuildFile; fileRef = 444AAAB727A536D000EEF1D9 /* Assets.xcassets */; };
		444AAABB27A536D000EEF1D9 /* LaunchScreen.storyboard in Resources */ = {isa = PBXBuildFile; fileRef = 444AAAB927A536D000EEF1D9 /* LaunchScreen.storyboard */; };
		444AAAC627A536D000EEF1D9 /* InvestocksTests.swift in Sources */ = {isa = PBXBuildFile; fileRef = 444AAAC527A536D000EEF1D9 /* InvestocksTests.swift */; };
		444AAAD027A536D000EEF1D9 /* InvestocksUITests.swift in Sources */ = {isa = PBXBuildFile; fileRef = 444AAACF27A536D000EEF1D9 /* InvestocksUITests.swift */; };
		444AAAD227A536D000EEF1D9 /* InvestocksUITestsLaunchTests.swift in Sources */ = {isa = PBXBuildFile; fileRef = 444AAAD127A536D000EEF1D9 /* InvestocksUITestsLaunchTests.swift */; };
		68ACE8BB79C44F31AE45C857 /* Pods_Investocks.framework in Frameworks */ = {isa = PBXBuildFile; fileRef = 697EBADA33B8669995C99C2E /* Pods_Investocks.framework */; };
		7C94CAA4AE8426EC8311FAE8 /* Pods_InvestocksTests.framework in Frameworks */ = {isa = PBXBuildFile; fileRef = AFF239786AF87176ECB978A7 /* Pods_InvestocksTests.framework */; };
		FEDBC2D4092B143C6DF27470 /* Pods_Investocks_InvestocksUITests.framework in Frameworks */ = {isa = PBXBuildFile; fileRef = D47AC9957EF4F5770AF4B57D /* Pods_Investocks_InvestocksUITests.framework */; };
/* End PBXBuildFile section */

/* Begin PBXContainerItemProxy section */
		444AAAC227A536D000EEF1D9 /* PBXContainerItemProxy */ = {
			isa = PBXContainerItemProxy;
			containerPortal = 444AAAA327A536CE00EEF1D9 /* Project object */;
			proxyType = 1;
			remoteGlobalIDString = 444AAAAA27A536CE00EEF1D9;
			remoteInfo = Investocks;
		};
		444AAACC27A536D000EEF1D9 /* PBXContainerItemProxy */ = {
			isa = PBXContainerItemProxy;
			containerPortal = 444AAAA327A536CE00EEF1D9 /* Project object */;
			proxyType = 1;
			remoteGlobalIDString = 444AAAAA27A536CE00EEF1D9;
			remoteInfo = Investocks;
		};
/* End PBXContainerItemProxy section */

/* Begin PBXFileReference section */
		136262BA9D63F5B042D2DBB7 /* Pods-Investocks-InvestocksUITests.release.xcconfig */ = {isa = PBXFileReference; includeInIndex = 1; lastKnownFileType = text.xcconfig; name = "Pods-Investocks-InvestocksUITests.release.xcconfig"; path = "Target Support Files/Pods-Investocks-InvestocksUITests/Pods-Investocks-InvestocksUITests.release.xcconfig"; sourceTree = "<group>"; };
		3DB7A0F8634AD84B2B882E0E /* Pods-Investocks.release.xcconfig */ = {isa = PBXFileReference; includeInIndex = 1; lastKnownFileType = text.xcconfig; name = "Pods-Investocks.release.xcconfig"; path = "Target Support Files/Pods-Investocks/Pods-Investocks.release.xcconfig"; sourceTree = "<group>"; };
		444AAAAB27A536CE00EEF1D9 /* Investocks.app */ = {isa = PBXFileReference; explicitFileType = wrapper.application; includeInIndex = 0; path = Investocks.app; sourceTree = BUILT_PRODUCTS_DIR; };
		444AAAAE27A536CE00EEF1D9 /* AppDelegate.swift */ = {isa = PBXFileReference; lastKnownFileType = sourcecode.swift; path = AppDelegate.swift; sourceTree = "<group>"; };
		444AAAB027A536CE00EEF1D9 /* SceneDelegate.swift */ = {isa = PBXFileReference; lastKnownFileType = sourcecode.swift; path = SceneDelegate.swift; sourceTree = "<group>"; };
		444AAAB227A536CE00EEF1D9 /* ViewController.swift */ = {isa = PBXFileReference; lastKnownFileType = sourcecode.swift; path = ViewController.swift; sourceTree = "<group>"; };
		444AAAB727A536D000EEF1D9 /* Assets.xcassets */ = {isa = PBXFileReference; lastKnownFileType = folder.assetcatalog; path = Assets.xcassets; sourceTree = "<group>"; };
		444AAABA27A536D000EEF1D9 /* Base */ = {isa = PBXFileReference; lastKnownFileType = file.storyboard; name = Base; path = Base.lproj/LaunchScreen.storyboard; sourceTree = "<group>"; };
		444AAABC27A536D000EEF1D9 /* Info.plist */ = {isa = PBXFileReference; lastKnownFileType = text.plist.xml; path = Info.plist; sourceTree = "<group>"; };
		444AAAC127A536D000EEF1D9 /* InvestocksTests.xctest */ = {isa = PBXFileReference; explicitFileType = wrapper.cfbundle; includeInIndex = 0; path = InvestocksTests.xctest; sourceTree = BUILT_PRODUCTS_DIR; };
		444AAAC527A536D000EEF1D9 /* InvestocksTests.swift */ = {isa = PBXFileReference; lastKnownFileType = sourcecode.swift; path = InvestocksTests.swift; sourceTree = "<group>"; };
		444AAACB27A536D000EEF1D9 /* InvestocksUITests.xctest */ = {isa = PBXFileReference; explicitFileType = wrapper.cfbundle; includeInIndex = 0; path = InvestocksUITests.xctest; sourceTree = BUILT_PRODUCTS_DIR; };
		444AAACF27A536D000EEF1D9 /* InvestocksUITests.swift */ = {isa = PBXFileReference; lastKnownFileType = sourcecode.swift; path = InvestocksUITests.swift; sourceTree = "<group>"; };
		444AAAD127A536D000EEF1D9 /* InvestocksUITestsLaunchTests.swift */ = {isa = PBXFileReference; lastKnownFileType = sourcecode.swift; path = InvestocksUITestsLaunchTests.swift; sourceTree = "<group>"; };
		697EBADA33B8669995C99C2E /* Pods_Investocks.framework */ = {isa = PBXFileReference; explicitFileType = wrapper.framework; includeInIndex = 0; path = Pods_Investocks.framework; sourceTree = BUILT_PRODUCTS_DIR; };
		828B3E929AEA2323DBE76D7F /* Pods-InvestocksTests.release.xcconfig */ = {isa = PBXFileReference; includeInIndex = 1; lastKnownFileType = text.xcconfig; name = "Pods-InvestocksTests.release.xcconfig"; path = "Target Support Files/Pods-InvestocksTests/Pods-InvestocksTests.release.xcconfig"; sourceTree = "<group>"; };
		975B9A0ACFC836643AC92D7C /* Pods-InvestocksTests.debug.xcconfig */ = {isa = PBXFileReference; includeInIndex = 1; lastKnownFileType = text.xcconfig; name = "Pods-InvestocksTests.debug.xcconfig"; path = "Target Support Files/Pods-InvestocksTests/Pods-InvestocksTests.debug.xcconfig"; sourceTree = "<group>"; };
		AFF239786AF87176ECB978A7 /* Pods_InvestocksTests.framework */ = {isa = PBXFileReference; explicitFileType = wrapper.framework; includeInIndex = 0; path = Pods_InvestocksTests.framework; sourceTree = BUILT_PRODUCTS_DIR; };
		D3512480130FD216B9DDE47B /* Pods-Investocks.debug.xcconfig */ = {isa = PBXFileReference; includeInIndex = 1; lastKnownFileType = text.xcconfig; name = "Pods-Investocks.debug.xcconfig"; path = "Target Support Files/Pods-Investocks/Pods-Investocks.debug.xcconfig"; sourceTree = "<group>"; };
		D47AC9957EF4F5770AF4B57D /* Pods_Investocks_InvestocksUITests.framework */ = {isa = PBXFileReference; explicitFileType = wrapper.framework; includeInIndex = 0; path = Pods_Investocks_InvestocksUITests.framework; sourceTree = BUILT_PRODUCTS_DIR; };
		DDD4A24C1A0BCE966DDADEDB /* Pods-Investocks-InvestocksUITests.debug.xcconfig */ = {isa = PBXFileReference; includeInIndex = 1; lastKnownFileType = text.xcconfig; name = "Pods-Investocks-InvestocksUITests.debug.xcconfig"; path = "Target Support Files/Pods-Investocks-InvestocksUITests/Pods-Investocks-InvestocksUITests.debug.xcconfig"; sourceTree = "<group>"; };
/* End PBXFileReference section */

/* Begin PBXFrameworksBuildPhase section */
		444AAAA827A536CE00EEF1D9 /* Frameworks */ = {
			isa = PBXFrameworksBuildPhase;
			buildActionMask = 2147483647;
			files = (
				68ACE8BB79C44F31AE45C857 /* Pods_Investocks.framework in Frameworks */,
			);
			runOnlyForDeploymentPostprocessing = 0;
		};
		444AAABE27A536D000EEF1D9 /* Frameworks */ = {
			isa = PBXFrameworksBuildPhase;
			buildActionMask = 2147483647;
			files = (
				7C94CAA4AE8426EC8311FAE8 /* Pods_InvestocksTests.framework in Frameworks */,
			);
			runOnlyForDeploymentPostprocessing = 0;
		};
		444AAAC827A536D000EEF1D9 /* Frameworks */ = {
			isa = PBXFrameworksBuildPhase;
			buildActionMask = 2147483647;
			files = (
				FEDBC2D4092B143C6DF27470 /* Pods_Investocks_InvestocksUITests.framework in Frameworks */,
			);
			runOnlyForDeploymentPostprocessing = 0;
		};
/* End PBXFrameworksBuildPhase section */

/* Begin PBXGroup section */
		36DC7C55D442444B03F6AA7A /* Pods */ = {
			isa = PBXGroup;
			children = (
				D3512480130FD216B9DDE47B /* Pods-Investocks.debug.xcconfig */,
				3DB7A0F8634AD84B2B882E0E /* Pods-Investocks.release.xcconfig */,
				DDD4A24C1A0BCE966DDADEDB /* Pods-Investocks-InvestocksUITests.debug.xcconfig */,
				136262BA9D63F5B042D2DBB7 /* Pods-Investocks-InvestocksUITests.release.xcconfig */,
				975B9A0ACFC836643AC92D7C /* Pods-InvestocksTests.debug.xcconfig */,
				828B3E929AEA2323DBE76D7F /* Pods-InvestocksTests.release.xcconfig */,
			);
			name = Pods;
			path = Pods;
			sourceTree = "<group>";
		};
		444AAAA227A536CE00EEF1D9 = {
			isa = PBXGroup;
			children = (
				444AAAAD27A536CE00EEF1D9 /* Investocks */,
				444AAAC427A536D000EEF1D9 /* InvestocksTests */,
				444AAACE27A536D000EEF1D9 /* InvestocksUITests */,
				444AAAAC27A536CE00EEF1D9 /* Products */,
				36DC7C55D442444B03F6AA7A /* Pods */,
				75C95AD0DD3A553EF42E6CCA /* Frameworks */,
			);
			sourceTree = "<group>";
		};
		444AAAAC27A536CE00EEF1D9 /* Products */ = {
			isa = PBXGroup;
			children = (
				444AAAAB27A536CE00EEF1D9 /* Investocks.app */,
				444AAAC127A536D000EEF1D9 /* InvestocksTests.xctest */,
				444AAACB27A536D000EEF1D9 /* InvestocksUITests.xctest */,
			);
			name = Products;
			sourceTree = "<group>";
		};
		444AAAAD27A536CE00EEF1D9 /* Investocks */ = {
			isa = PBXGroup;
			children = (
				444AAADF27A537B400EEF1D9 /* Models */,
				444AAADE27A5372500EEF1D9 /* Supporting Files */,
				444AAAE127A537BF00EEF1D9 /* ViewModels */,
				444AAAE027A537BA00EEF1D9 /* Views */,
			);
			path = Investocks;
			sourceTree = "<group>";
		};
		444AAAC427A536D000EEF1D9 /* InvestocksTests */ = {
			isa = PBXGroup;
			children = (
				444AAAC527A536D000EEF1D9 /* InvestocksTests.swift */,
			);
			path = InvestocksTests;
			sourceTree = "<group>";
		};
		444AAACE27A536D000EEF1D9 /* InvestocksUITests */ = {
			isa = PBXGroup;
			children = (
				444AAACF27A536D000EEF1D9 /* InvestocksUITests.swift */,
				444AAAD127A536D000EEF1D9 /* InvestocksUITestsLaunchTests.swift */,
			);
			path = InvestocksUITests;
			sourceTree = "<group>";
		};
		444AAADE27A5372500EEF1D9 /* Supporting Files */ = {
			isa = PBXGroup;
			children = (
				444AAABC27A536D000EEF1D9 /* Info.plist */,
				444AAAAE27A536CE00EEF1D9 /* AppDelegate.swift */,
				444AAAB027A536CE00EEF1D9 /* SceneDelegate.swift */,
				444AAAB727A536D000EEF1D9 /* Assets.xcassets */,
				444AAAB927A536D000EEF1D9 /* LaunchScreen.storyboard */,
			);
			path = "Supporting Files";
			sourceTree = "<group>";
		};
		444AAADF27A537B400EEF1D9 /* Models */ = {
			isa = PBXGroup;
			children = (
			);
			path = Models;
			sourceTree = "<group>";
		};
		444AAAE027A537BA00EEF1D9 /* Views */ = {
			isa = PBXGroup;
			children = (
				444AAAB227A536CE00EEF1D9 /* ViewController.swift */,
			);
			path = Views;
			sourceTree = "<group>";
		};
		444AAAE127A537BF00EEF1D9 /* ViewModels */ = {
			isa = PBXGroup;
			children = (
			);
			path = ViewModels;
			sourceTree = "<group>";
		};
		75C95AD0DD3A553EF42E6CCA /* Frameworks */ = {
			isa = PBXGroup;
			children = (
				697EBADA33B8669995C99C2E /* Pods_Investocks.framework */,
				D47AC9957EF4F5770AF4B57D /* Pods_Investocks_InvestocksUITests.framework */,
				AFF239786AF87176ECB978A7 /* Pods_InvestocksTests.framework */,
			);
			name = Frameworks;
			sourceTree = "<group>";
		};
/* End PBXGroup section */

/* Begin PBXNativeTarget section */
		444AAAAA27A536CE00EEF1D9 /* Investocks */ = {
			isa = PBXNativeTarget;
			buildConfigurationList = 444AAAD527A536D000EEF1D9 /* Build configuration list for PBXNativeTarget "Investocks" */;
			buildPhases = (
				E11CB3EA7C7D2D76AAD3D1A6 /* [CP] Check Pods Manifest.lock */,
				444AAAA727A536CE00EEF1D9 /* Sources */,
				444AAAA827A536CE00EEF1D9 /* Frameworks */,
				444AAAA927A536CE00EEF1D9 /* Resources */,
				08B053C6E03105C8CD889BB2 /* [CP] Embed Pods Frameworks */,
			);
			buildRules = (
			);
			dependencies = (
			);
			name = Investocks;
			productName = Investocks;
			productReference = 444AAAAB27A536CE00EEF1D9 /* Investocks.app */;
			productType = "com.apple.product-type.application";
		};
		444AAAC027A536D000EEF1D9 /* InvestocksTests */ = {
			isa = PBXNativeTarget;
			buildConfigurationList = 444AAAD827A536D000EEF1D9 /* Build configuration list for PBXNativeTarget "InvestocksTests" */;
			buildPhases = (
				E2C5743C75F23746B7A54B0D /* [CP] Check Pods Manifest.lock */,
				444AAABD27A536D000EEF1D9 /* Sources */,
				444AAABE27A536D000EEF1D9 /* Frameworks */,
				444AAABF27A536D000EEF1D9 /* Resources */,
			);
			buildRules = (
			);
			dependencies = (
				444AAAC327A536D000EEF1D9 /* PBXTargetDependency */,
			);
			name = InvestocksTests;
			productName = InvestocksTests;
			productReference = 444AAAC127A536D000EEF1D9 /* InvestocksTests.xctest */;
			productType = "com.apple.product-type.bundle.unit-test";
		};
		444AAACA27A536D000EEF1D9 /* InvestocksUITests */ = {
			isa = PBXNativeTarget;
			buildConfigurationList = 444AAADB27A536D000EEF1D9 /* Build configuration list for PBXNativeTarget "InvestocksUITests" */;
			buildPhases = (
				85663CA97C574602FEC6B8A3 /* [CP] Check Pods Manifest.lock */,
				444AAAC727A536D000EEF1D9 /* Sources */,
				444AAAC827A536D000EEF1D9 /* Frameworks */,
				444AAAC927A536D000EEF1D9 /* Resources */,
				896A09106171816CEFC1C671 /* [CP] Embed Pods Frameworks */,
			);
			buildRules = (
			);
			dependencies = (
				444AAACD27A536D000EEF1D9 /* PBXTargetDependency */,
			);
			name = InvestocksUITests;
			productName = InvestocksUITests;
			productReference = 444AAACB27A536D000EEF1D9 /* InvestocksUITests.xctest */;
			productType = "com.apple.product-type.bundle.ui-testing";
		};
/* End PBXNativeTarget section */

/* Begin PBXProject section */
		444AAAA327A536CE00EEF1D9 /* Project object */ = {
			isa = PBXProject;
			attributes = {
				BuildIndependentTargetsInParallel = 1;
				LastSwiftUpdateCheck = 1320;
				LastUpgradeCheck = 1320;
				TargetAttributes = {
					444AAAAA27A536CE00EEF1D9 = {
						CreatedOnToolsVersion = 13.2.1;
					};
					444AAAC027A536D000EEF1D9 = {
						CreatedOnToolsVersion = 13.2.1;
						TestTargetID = 444AAAAA27A536CE00EEF1D9;
					};
					444AAACA27A536D000EEF1D9 = {
						CreatedOnToolsVersion = 13.2.1;
						TestTargetID = 444AAAAA27A536CE00EEF1D9;
					};
				};
			};
			buildConfigurationList = 444AAAA627A536CE00EEF1D9 /* Build configuration list for PBXProject "Investocks" */;
			compatibilityVersion = "Xcode 13.0";
			developmentRegion = en;
			hasScannedForEncodings = 0;
			knownRegions = (
				en,
				Base,
			);
			mainGroup = 444AAAA227A536CE00EEF1D9;
			productRefGroup = 444AAAAC27A536CE00EEF1D9 /* Products */;
			projectDirPath = "";
			projectRoot = "";
			targets = (
				444AAAAA27A536CE00EEF1D9 /* Investocks */,
				444AAAC027A536D000EEF1D9 /* InvestocksTests */,
				444AAACA27A536D000EEF1D9 /* InvestocksUITests */,
			);
		};
/* End PBXProject section */

/* Begin PBXResourcesBuildPhase section */
		444AAAA927A536CE00EEF1D9 /* Resources */ = {
			isa = PBXResourcesBuildPhase;
			buildActionMask = 2147483647;
			files = (
				444AAABB27A536D000EEF1D9 /* LaunchScreen.storyboard in Resources */,
				444AAAB827A536D000EEF1D9 /* Assets.xcassets in Resources */,
			);
			runOnlyForDeploymentPostprocessing = 0;
		};
		444AAABF27A536D000EEF1D9 /* Resources */ = {
			isa = PBXResourcesBuildPhase;
			buildActionMask = 2147483647;
			files = (
			);
			runOnlyForDeploymentPostprocessing = 0;
		};
		444AAAC927A536D000EEF1D9 /* Resources */ = {
			isa = PBXResourcesBuildPhase;
			buildActionMask = 2147483647;
			files = (
			);
			runOnlyForDeploymentPostprocessing = 0;
		};
/* End PBXResourcesBuildPhase section */

/* Begin PBXShellScriptBuildPhase section */
		08B053C6E03105C8CD889BB2 /* [CP] Embed Pods Frameworks */ = {
			isa = PBXShellScriptBuildPhase;
			buildActionMask = 2147483647;
			files = (
			);
			inputFileListPaths = (
				"${PODS_ROOT}/Target Support Files/Pods-Investocks/Pods-Investocks-frameworks-${CONFIGURATION}-input-files.xcfilelist",
			);
			name = "[CP] Embed Pods Frameworks";
			outputFileListPaths = (
				"${PODS_ROOT}/Target Support Files/Pods-Investocks/Pods-Investocks-frameworks-${CONFIGURATION}-output-files.xcfilelist",
			);
			runOnlyForDeploymentPostprocessing = 0;
			shellPath = /bin/sh;
			shellScript = "\"${PODS_ROOT}/Target Support Files/Pods-Investocks/Pods-Investocks-frameworks.sh\"\n";
			showEnvVarsInLog = 0;
		};
		85663CA97C574602FEC6B8A3 /* [CP] Check Pods Manifest.lock */ = {
			isa = PBXShellScriptBuildPhase;
			buildActionMask = 2147483647;
			files = (
			);
			inputFileListPaths = (
			);
			inputPaths = (
				"${PODS_PODFILE_DIR_PATH}/Podfile.lock",
				"${PODS_ROOT}/Manifest.lock",
			);
			name = "[CP] Check Pods Manifest.lock";
			outputFileListPaths = (
			);
			outputPaths = (
				"$(DERIVED_FILE_DIR)/Pods-Investocks-InvestocksUITests-checkManifestLockResult.txt",
			);
			runOnlyForDeploymentPostprocessing = 0;
			shellPath = /bin/sh;
			shellScript = "diff \"${PODS_PODFILE_DIR_PATH}/Podfile.lock\" \"${PODS_ROOT}/Manifest.lock\" > /dev/null\nif [ $? != 0 ] ; then\n    # print error to STDERR\n    echo \"error: The sandbox is not in sync with the Podfile.lock. Run 'pod install' or update your CocoaPods installation.\" >&2\n    exit 1\nfi\n# This output is used by Xcode 'outputs' to avoid re-running this script phase.\necho \"SUCCESS\" > \"${SCRIPT_OUTPUT_FILE_0}\"\n";
			showEnvVarsInLog = 0;
		};
		896A09106171816CEFC1C671 /* [CP] Embed Pods Frameworks */ = {
			isa = PBXShellScriptBuildPhase;
			buildActionMask = 2147483647;
			files = (
			);
			inputFileListPaths = (
				"${PODS_ROOT}/Target Support Files/Pods-Investocks-InvestocksUITests/Pods-Investocks-InvestocksUITests-frameworks-${CONFIGURATION}-input-files.xcfilelist",
			);
			name = "[CP] Embed Pods Frameworks";
			outputFileListPaths = (
				"${PODS_ROOT}/Target Support Files/Pods-Investocks-InvestocksUITests/Pods-Investocks-InvestocksUITests-frameworks-${CONFIGURATION}-output-files.xcfilelist",
			);
			runOnlyForDeploymentPostprocessing = 0;
			shellPath = /bin/sh;
			shellScript = "\"${PODS_ROOT}/Target Support Files/Pods-Investocks-InvestocksUITests/Pods-Investocks-InvestocksUITests-frameworks.sh\"\n";
			showEnvVarsInLog = 0;
		};
		E11CB3EA7C7D2D76AAD3D1A6 /* [CP] Check Pods Manifest.lock */ = {
			isa = PBXShellScriptBuildPhase;
			buildActionMask = 2147483647;
			files = (
			);
			inputFileListPaths = (
			);
			inputPaths = (
				"${PODS_PODFILE_DIR_PATH}/Podfile.lock",
				"${PODS_ROOT}/Manifest.lock",
			);
			name = "[CP] Check Pods Manifest.lock";
			outputFileListPaths = (
			);
			outputPaths = (
				"$(DERIVED_FILE_DIR)/Pods-Investocks-checkManifestLockResult.txt",
			);
			runOnlyForDeploymentPostprocessing = 0;
			shellPath = /bin/sh;
			shellScript = "diff \"${PODS_PODFILE_DIR_PATH}/Podfile.lock\" \"${PODS_ROOT}/Manifest.lock\" > /dev/null\nif [ $? != 0 ] ; then\n    # print error to STDERR\n    echo \"error: The sandbox is not in sync with the Podfile.lock. Run 'pod install' or update your CocoaPods installation.\" >&2\n    exit 1\nfi\n# This output is used by Xcode 'outputs' to avoid re-running this script phase.\necho \"SUCCESS\" > \"${SCRIPT_OUTPUT_FILE_0}\"\n";
			showEnvVarsInLog = 0;
		};
		E2C5743C75F23746B7A54B0D /* [CP] Check Pods Manifest.lock */ = {
			isa = PBXShellScriptBuildPhase;
			buildActionMask = 2147483647;
			files = (
			);
			inputFileListPaths = (
			);
			inputPaths = (
				"${PODS_PODFILE_DIR_PATH}/Podfile.lock",
				"${PODS_ROOT}/Manifest.lock",
			);
			name = "[CP] Check Pods Manifest.lock";
			outputFileListPaths = (
			);
			outputPaths = (
				"$(DERIVED_FILE_DIR)/Pods-InvestocksTests-checkManifestLockResult.txt",
			);
			runOnlyForDeploymentPostprocessing = 0;
			shellPath = /bin/sh;
			shellScript = "diff \"${PODS_PODFILE_DIR_PATH}/Podfile.lock\" \"${PODS_ROOT}/Manifest.lock\" > /dev/null\nif [ $? != 0 ] ; then\n    # print error to STDERR\n    echo \"error: The sandbox is not in sync with the Podfile.lock. Run 'pod install' or update your CocoaPods installation.\" >&2\n    exit 1\nfi\n# This output is used by Xcode 'outputs' to avoid re-running this script phase.\necho \"SUCCESS\" > \"${SCRIPT_OUTPUT_FILE_0}\"\n";
			showEnvVarsInLog = 0;
		};
/* End PBXShellScriptBuildPhase section */

/* Begin PBXSourcesBuildPhase section */
		444AAAA727A536CE00EEF1D9 /* Sources */ = {
			isa = PBXSourcesBuildPhase;
			buildActionMask = 2147483647;
			files = (
				444AAAB327A536CE00EEF1D9 /* ViewController.swift in Sources */,
				444AAAAF27A536CE00EEF1D9 /* AppDelegate.swift in Sources */,
				444AAAB127A536CE00EEF1D9 /* SceneDelegate.swift in Sources */,
			);
			runOnlyForDeploymentPostprocessing = 0;
		};
		444AAABD27A536D000EEF1D9 /* Sources */ = {
			isa = PBXSourcesBuildPhase;
			buildActionMask = 2147483647;
			files = (
				444AAAC627A536D000EEF1D9 /* InvestocksTests.swift in Sources */,
			);
			runOnlyForDeploymentPostprocessing = 0;
		};
		444AAAC727A536D000EEF1D9 /* Sources */ = {
			isa = PBXSourcesBuildPhase;
			buildActionMask = 2147483647;
			files = (
				444AAAD027A536D000EEF1D9 /* InvestocksUITests.swift in Sources */,
				444AAAD227A536D000EEF1D9 /* InvestocksUITestsLaunchTests.swift in Sources */,
			);
			runOnlyForDeploymentPostprocessing = 0;
		};
/* End PBXSourcesBuildPhase section */

/* Begin PBXTargetDependency section */
		444AAAC327A536D000EEF1D9 /* PBXTargetDependency */ = {
			isa = PBXTargetDependency;
			target = 444AAAAA27A536CE00EEF1D9 /* Investocks */;
			targetProxy = 444AAAC227A536D000EEF1D9 /* PBXContainerItemProxy */;
		};
		444AAACD27A536D000EEF1D9 /* PBXTargetDependency */ = {
			isa = PBXTargetDependency;
			target = 444AAAAA27A536CE00EEF1D9 /* Investocks */;
			targetProxy = 444AAACC27A536D000EEF1D9 /* PBXContainerItemProxy */;
		};
/* End PBXTargetDependency section */

/* Begin PBXVariantGroup section */
		444AAAB927A536D000EEF1D9 /* LaunchScreen.storyboard */ = {
			isa = PBXVariantGroup;
			children = (
				444AAABA27A536D000EEF1D9 /* Base */,
			);
			name = LaunchScreen.storyboard;
			sourceTree = "<group>";
		};
/* End PBXVariantGroup section */

/* Begin XCBuildConfiguration section */
		444AAAD327A536D000EEF1D9 /* Debug */ = {
			isa = XCBuildConfiguration;
			buildSettings = {
				ALWAYS_SEARCH_USER_PATHS = NO;
				CLANG_ANALYZER_NONNULL = YES;
				CLANG_ANALYZER_NUMBER_OBJECT_CONVERSION = YES_AGGRESSIVE;
				CLANG_CXX_LANGUAGE_STANDARD = "gnu++17";
				CLANG_CXX_LIBRARY = "libc++";
				CLANG_ENABLE_MODULES = YES;
				CLANG_ENABLE_OBJC_ARC = YES;
				CLANG_ENABLE_OBJC_WEAK = YES;
				CLANG_WARN_BLOCK_CAPTURE_AUTORELEASING = YES;
				CLANG_WARN_BOOL_CONVERSION = YES;
				CLANG_WARN_COMMA = YES;
				CLANG_WARN_CONSTANT_CONVERSION = YES;
				CLANG_WARN_DEPRECATED_OBJC_IMPLEMENTATIONS = YES;
				CLANG_WARN_DIRECT_OBJC_ISA_USAGE = YES_ERROR;
				CLANG_WARN_DOCUMENTATION_COMMENTS = YES;
				CLANG_WARN_EMPTY_BODY = YES;
				CLANG_WARN_ENUM_CONVERSION = YES;
				CLANG_WARN_INFINITE_RECURSION = YES;
				CLANG_WARN_INT_CONVERSION = YES;
				CLANG_WARN_NON_LITERAL_NULL_CONVERSION = YES;
				CLANG_WARN_OBJC_IMPLICIT_RETAIN_SELF = YES;
				CLANG_WARN_OBJC_LITERAL_CONVERSION = YES;
				CLANG_WARN_OBJC_ROOT_CLASS = YES_ERROR;
				CLANG_WARN_QUOTED_INCLUDE_IN_FRAMEWORK_HEADER = YES;
				CLANG_WARN_RANGE_LOOP_ANALYSIS = YES;
				CLANG_WARN_STRICT_PROTOTYPES = YES;
				CLANG_WARN_SUSPICIOUS_MOVE = YES;
				CLANG_WARN_UNGUARDED_AVAILABILITY = YES_AGGRESSIVE;
				CLANG_WARN_UNREACHABLE_CODE = YES;
				CLANG_WARN__DUPLICATE_METHOD_MATCH = YES;
				COPY_PHASE_STRIP = NO;
				DEBUG_INFORMATION_FORMAT = dwarf;
				ENABLE_STRICT_OBJC_MSGSEND = YES;
				ENABLE_TESTABILITY = YES;
				GCC_C_LANGUAGE_STANDARD = gnu11;
				GCC_DYNAMIC_NO_PIC = NO;
				GCC_NO_COMMON_BLOCKS = YES;
				GCC_OPTIMIZATION_LEVEL = 0;
				GCC_PREPROCESSOR_DEFINITIONS = (
					"DEBUG=1",
					"$(inherited)",
				);
				GCC_WARN_64_TO_32_BIT_CONVERSION = YES;
				GCC_WARN_ABOUT_RETURN_TYPE = YES_ERROR;
				GCC_WARN_UNDECLARED_SELECTOR = YES;
				GCC_WARN_UNINITIALIZED_AUTOS = YES_AGGRESSIVE;
				GCC_WARN_UNUSED_FUNCTION = YES;
				GCC_WARN_UNUSED_VARIABLE = YES;
				IPHONEOS_DEPLOYMENT_TARGET = 15.2;
				MTL_ENABLE_DEBUG_INFO = INCLUDE_SOURCE;
				MTL_FAST_MATH = YES;
				ONLY_ACTIVE_ARCH = YES;
				SDKROOT = iphoneos;
				SWIFT_ACTIVE_COMPILATION_CONDITIONS = DEBUG;
				SWIFT_OPTIMIZATION_LEVEL = "-Onone";
			};
			name = Debug;
		};
		444AAAD427A536D000EEF1D9 /* Release */ = {
			isa = XCBuildConfiguration;
			buildSettings = {
				ALWAYS_SEARCH_USER_PATHS = NO;
				CLANG_ANALYZER_NONNULL = YES;
				CLANG_ANALYZER_NUMBER_OBJECT_CONVERSION = YES_AGGRESSIVE;
				CLANG_CXX_LANGUAGE_STANDARD = "gnu++17";
				CLANG_CXX_LIBRARY = "libc++";
				CLANG_ENABLE_MODULES = YES;
				CLANG_ENABLE_OBJC_ARC = YES;
				CLANG_ENABLE_OBJC_WEAK = YES;
				CLANG_WARN_BLOCK_CAPTURE_AUTORELEASING = YES;
				CLANG_WARN_BOOL_CONVERSION = YES;
				CLANG_WARN_COMMA = YES;
				CLANG_WARN_CONSTANT_CONVERSION = YES;
				CLANG_WARN_DEPRECATED_OBJC_IMPLEMENTATIONS = YES;
				CLANG_WARN_DIRECT_OBJC_ISA_USAGE = YES_ERROR;
				CLANG_WARN_DOCUMENTATION_COMMENTS = YES;
				CLANG_WARN_EMPTY_BODY = YES;
				CLANG_WARN_ENUM_CONVERSION = YES;
				CLANG_WARN_INFINITE_RECURSION = YES;
				CLANG_WARN_INT_CONVERSION = YES;
				CLANG_WARN_NON_LITERAL_NULL_CONVERSION = YES;
				CLANG_WARN_OBJC_IMPLICIT_RETAIN_SELF = YES;
				CLANG_WARN_OBJC_LITERAL_CONVERSION = YES;
				CLANG_WARN_OBJC_ROOT_CLASS = YES_ERROR;
				CLANG_WARN_QUOTED_INCLUDE_IN_FRAMEWORK_HEADER = YES;
				CLANG_WARN_RANGE_LOOP_ANALYSIS = YES;
				CLANG_WARN_STRICT_PROTOTYPES = YES;
				CLANG_WARN_SUSPICIOUS_MOVE = YES;
				CLANG_WARN_UNGUARDED_AVAILABILITY = YES_AGGRESSIVE;
				CLANG_WARN_UNREACHABLE_CODE = YES;
				CLANG_WARN__DUPLICATE_METHOD_MATCH = YES;
				COPY_PHASE_STRIP = NO;
				DEBUG_INFORMATION_FORMAT = "dwarf-with-dsym";
				ENABLE_NS_ASSERTIONS = NO;
				ENABLE_STRICT_OBJC_MSGSEND = YES;
				GCC_C_LANGUAGE_STANDARD = gnu11;
				GCC_NO_COMMON_BLOCKS = YES;
				GCC_WARN_64_TO_32_BIT_CONVERSION = YES;
				GCC_WARN_ABOUT_RETURN_TYPE = YES_ERROR;
				GCC_WARN_UNDECLARED_SELECTOR = YES;
				GCC_WARN_UNINITIALIZED_AUTOS = YES_AGGRESSIVE;
				GCC_WARN_UNUSED_FUNCTION = YES;
				GCC_WARN_UNUSED_VARIABLE = YES;
				IPHONEOS_DEPLOYMENT_TARGET = 15.2;
				MTL_ENABLE_DEBUG_INFO = NO;
				MTL_FAST_MATH = YES;
				SDKROOT = iphoneos;
				SWIFT_COMPILATION_MODE = wholemodule;
				SWIFT_OPTIMIZATION_LEVEL = "-O";
				VALIDATE_PRODUCT = YES;
			};
			name = Release;
		};
		444AAAD627A536D000EEF1D9 /* Debug */ = {
			isa = XCBuildConfiguration;
			baseConfigurationReference = D3512480130FD216B9DDE47B /* Pods-Investocks.debug.xcconfig */;
			buildSettings = {
				ASSETCATALOG_COMPILER_APPICON_NAME = AppIcon;
				ASSETCATALOG_COMPILER_GLOBAL_ACCENT_COLOR_NAME = AccentColor;
				CODE_SIGN_STYLE = Automatic;
				CURRENT_PROJECT_VERSION = 1;
				DEVELOPMENT_TEAM = JW7J4HUPGZ;
				GENERATE_INFOPLIST_FILE = YES;
				INFOPLIST_FILE = "Investocks/Supporting Files/Info.plist";
				INFOPLIST_KEY_UIApplicationSupportsIndirectInputEvents = YES;
				INFOPLIST_KEY_UILaunchStoryboardName = LaunchScreen;
				INFOPLIST_KEY_UISupportedInterfaceOrientations = UIInterfaceOrientationPortrait;
				INFOPLIST_KEY_UISupportedInterfaceOrientations_iPad = "UIInterfaceOrientationPortrait UIInterfaceOrientationPortraitUpsideDown UIInterfaceOrientationLandscapeLeft UIInterfaceOrientationLandscapeRight";
				INFOPLIST_KEY_UISupportedInterfaceOrientations_iPhone = "UIInterfaceOrientationPortrait UIInterfaceOrientationLandscapeLeft UIInterfaceOrientationLandscapeRight";
				LD_RUNPATH_SEARCH_PATHS = (
					"$(inherited)",
					"@executable_path/Frameworks",
				);
				MARKETING_VERSION = 1.0;
				PRODUCT_BUNDLE_IDENTIFIER = com.icloud.yusasarisoy.Investocks;
				PRODUCT_NAME = "$(TARGET_NAME)";
				SWIFT_EMIT_LOC_STRINGS = YES;
				SWIFT_VERSION = 5.0;
				TARGETED_DEVICE_FAMILY = 1;
			};
			name = Debug;
		};
		444AAAD727A536D000EEF1D9 /* Release */ = {
			isa = XCBuildConfiguration;
			baseConfigurationReference = 3DB7A0F8634AD84B2B882E0E /* Pods-Investocks.release.xcconfig */;
			buildSettings = {
				ASSETCATALOG_COMPILER_APPICON_NAME = AppIcon;
				ASSETCATALOG_COMPILER_GLOBAL_ACCENT_COLOR_NAME = AccentColor;
				CODE_SIGN_STYLE = Automatic;
				CURRENT_PROJECT_VERSION = 1;
				DEVELOPMENT_TEAM = JW7J4HUPGZ;
				GENERATE_INFOPLIST_FILE = YES;
				INFOPLIST_FILE = "Investocks/Supporting Files/Info.plist";
				INFOPLIST_KEY_UIApplicationSupportsIndirectInputEvents = YES;
				INFOPLIST_KEY_UILaunchStoryboardName = LaunchScreen;
				INFOPLIST_KEY_UISupportedInterfaceOrientations = UIInterfaceOrientationPortrait;
				INFOPLIST_KEY_UISupportedInterfaceOrientations_iPad = "UIInterfaceOrientationPortrait UIInterfaceOrientationPortraitUpsideDown UIInterfaceOrientationLandscapeLeft UIInterfaceOrientationLandscapeRight";
				INFOPLIST_KEY_UISupportedInterfaceOrientations_iPhone = "UIInterfaceOrientationPortrait UIInterfaceOrientationLandscapeLeft UIInterfaceOrientationLandscapeRight";
				LD_RUNPATH_SEARCH_PATHS = (
					"$(inherited)",
					"@executable_path/Frameworks",
				);
				MARKETING_VERSION = 1.0;
				PRODUCT_BUNDLE_IDENTIFIER = com.icloud.yusasarisoy.Investocks;
				PRODUCT_NAME = "$(TARGET_NAME)";
				SWIFT_EMIT_LOC_STRINGS = YES;
				SWIFT_VERSION = 5.0;
				TARGETED_DEVICE_FAMILY = 1;
			};
			name = Release;
		};
		444AAAD927A536D000EEF1D9 /* Debug */ = {
			isa = XCBuildConfiguration;
			baseConfigurationReference = 975B9A0ACFC836643AC92D7C /* Pods-InvestocksTests.debug.xcconfig */;
			buildSettings = {
				ALWAYS_EMBED_SWIFT_STANDARD_LIBRARIES = YES;
				BUNDLE_LOADER = "$(TEST_HOST)";
				CODE_SIGN_STYLE = Automatic;
				CURRENT_PROJECT_VERSION = 1;
				DEVELOPMENT_TEAM = JW7J4HUPGZ;
				GENERATE_INFOPLIST_FILE = YES;
				IPHONEOS_DEPLOYMENT_TARGET = 15.2;
				MARKETING_VERSION = 1.0;
				PRODUCT_BUNDLE_IDENTIFIER = com.icloud.yusasarisoy.InvestocksTests;
				PRODUCT_NAME = "$(TARGET_NAME)";
				SWIFT_EMIT_LOC_STRINGS = NO;
				SWIFT_VERSION = 5.0;
				TARGETED_DEVICE_FAMILY = "1,2";
				TEST_HOST = "$(BUILT_PRODUCTS_DIR)/Investocks.app/Investocks";
			};
			name = Debug;
		};
		444AAADA27A536D000EEF1D9 /* Release */ = {
			isa = XCBuildConfiguration;
			baseConfigurationReference = 828B3E929AEA2323DBE76D7F /* Pods-InvestocksTests.release.xcconfig */;
			buildSettings = {
				ALWAYS_EMBED_SWIFT_STANDARD_LIBRARIES = YES;
				BUNDLE_LOADER = "$(TEST_HOST)";
				CODE_SIGN_STYLE = Automatic;
				CURRENT_PROJECT_VERSION = 1;
				DEVELOPMENT_TEAM = JW7J4HUPGZ;
				GENERATE_INFOPLIST_FILE = YES;
				IPHONEOS_DEPLOYMENT_TARGET = 15.2;
				MARKETING_VERSION = 1.0;
				PRODUCT_BUNDLE_IDENTIFIER = com.icloud.yusasarisoy.InvestocksTests;
				PRODUCT_NAME = "$(TARGET_NAME)";
				SWIFT_EMIT_LOC_STRINGS = NO;
				SWIFT_VERSION = 5.0;
				TARGETED_DEVICE_FAMILY = "1,2";
				TEST_HOST = "$(BUILT_PRODUCTS_DIR)/Investocks.app/Investocks";
			};
			name = Release;
		};
		444AAADC27A536D000EEF1D9 /* Debug */ = {
			isa = XCBuildConfiguration;
			baseConfigurationReference = DDD4A24C1A0BCE966DDADEDB /* Pods-Investocks-InvestocksUITests.debug.xcconfig */;
			buildSettings = {
				ALWAYS_EMBED_SWIFT_STANDARD_LIBRARIES = YES;
				CODE_SIGN_STYLE = Automatic;
				CURRENT_PROJECT_VERSION = 1;
				DEVELOPMENT_TEAM = JW7J4HUPGZ;
				GENERATE_INFOPLIST_FILE = YES;
				MARKETING_VERSION = 1.0;
				PRODUCT_BUNDLE_IDENTIFIER = com.icloud.yusasarisoy.InvestocksUITests;
				PRODUCT_NAME = "$(TARGET_NAME)";
				SWIFT_EMIT_LOC_STRINGS = NO;
				SWIFT_VERSION = 5.0;
				TARGETED_DEVICE_FAMILY = "1,2";
				TEST_TARGET_NAME = Investocks;
			};
			name = Debug;
		};
		444AAADD27A536D000EEF1D9 /* Release */ = {
			isa = XCBuildConfiguration;
			baseConfigurationReference = 136262BA9D63F5B042D2DBB7 /* Pods-Investocks-InvestocksUITests.release.xcconfig */;
			buildSettings = {
				ALWAYS_EMBED_SWIFT_STANDARD_LIBRARIES = YES;
				CODE_SIGN_STYLE = Automatic;
				CURRENT_PROJECT_VERSION = 1;
				DEVELOPMENT_TEAM = JW7J4HUPGZ;
				GENERATE_INFOPLIST_FILE = YES;
				MARKETING_VERSION = 1.0;
				PRODUCT_BUNDLE_IDENTIFIER = com.icloud.yusasarisoy.InvestocksUITests;
				PRODUCT_NAME = "$(TARGET_NAME)";
				SWIFT_EMIT_LOC_STRINGS = NO;
				SWIFT_VERSION = 5.0;
				TARGETED_DEVICE_FAMILY = "1,2";
				TEST_TARGET_NAME = Investocks;
			};
			name = Release;
		};
/* End XCBuildConfiguration section */

/* Begin XCConfigurationList section */
		444AAAA627A536CE00EEF1D9 /* Build configuration list for PBXProject "Investocks" */ = {
			isa = XCConfigurationList;
			buildConfigurations = (
				444AAAD327A536D000EEF1D9 /* Debug */,
				444AAAD427A536D000EEF1D9 /* Release */,
			);
			defaultConfigurationIsVisible = 0;
			defaultConfigurationName = Release;
		};
		444AAAD527A536D000EEF1D9 /* Build configuration list for PBXNativeTarget "Investocks" */ = {
			isa = XCConfigurationList;
			buildConfigurations = (
				444AAAD627A536D000EEF1D9 /* Debug */,
				444AAAD727A536D000EEF1D9 /* Release */,
			);
			defaultConfigurationIsVisible = 0;
			defaultConfigurationName = Release;
		};
		444AAAD827A536D000EEF1D9 /* Build configuration list for PBXNativeTarget "InvestocksTests" */ = {
			isa = XCConfigurationList;
			buildConfigurations = (
				444AAAD927A536D000EEF1D9 /* Debug */,
				444AAADA27A536D000EEF1D9 /* Release */,
			);
			defaultConfigurationIsVisible = 0;
			defaultConfigurationName = Release;
		};
		444AAADB27A536D000EEF1D9 /* Build configuration list for PBXNativeTarget "InvestocksUITests" */ = {
			isa = XCConfigurationList;
			buildConfigurations = (
				444AAADC27A536D000EEF1D9 /* Debug */,
				444AAADD27A536D000EEF1D9 /* Release */,
			);
			defaultConfigurationIsVisible = 0;
			defaultConfigurationName = Release;
		};
/* End XCConfigurationList section */
	};
	rootObject = 444AAAA327A536CE00EEF1D9 /* Project object */;
}
